
Microsoft Visual Studio Solution File, Format Version 12.00
# Visual Studio 14
VisualStudioVersion = 14.0.25123.0
MinimumVisualStudioVersion = 10.0.40219.1
Project("{FAE04EC0-301F-11D3-BF4B-00C04F79EFBC}") = "570i Modbus Tester", "570i Modbus Tester\570i Modbus Tester.csproj", "{4E9AC1EB-42B0-47EF-BE0F-6F65C8451C5F}"
EndProject
Global
	GlobalSection(SolutionConfigurationPlatforms) = preSolution
		Debug|Any CPU = Debug|Any CPU
		Release|Any CPU = Release|Any CPU
	EndGlobalSection
	GlobalSection(ProjectConfigurationPlatforms) = postSolution
		{4E9AC1EB-42B0-47EF-BE0F-6F65C8451C5F}.Debug|Any CPU.ActiveCfg = Debug|Any CPU
		{4E9AC1EB-42B0-47EF-BE0F-6F65C8451C5F}.Debug|Any CPU.Build.0 = Debug|Any CPU
		{4E9AC1EB-42B0-47EF-BE0F-6F65C8451C5F}.Release|Any CPU.ActiveCfg = Release|Any CPU
		{4E9AC1EB-42B0-47EF-BE0F-6F65C8451C5F}.Release|Any CPU.Build.0 = Release|Any CPU
	EndGlobalSection
	GlobalSection(SolutionProperties) = preSolution
		HideSolutionNode = FALSE
	EndGlobalSection
EndGlobal
